
Microsoft Visual Studio Solution File, Format Version 12.00
# Visual Studio 15
VisualStudioVersion = 15.0.26430.16
MinimumVisualStudioVersion = 10.0.40219.1
Project("{FAE04EC0-301F-11D3-BF4B-00C04F79EFBC}") = "SportsStore.Domain", "SportsStore.Domain\SportsStore.Domain.csproj", "{B78936D7-A277-4461-9109-5D22D018A079}"
EndProject
Project("{FAE04EC0-301F-11D3-BF4B-00C04F79EFBC}") = "SportsStore.WebUI", "SportsStore.WebUI\SportsStore.WebUI.csproj", "{1B3936A7-5A25-483C-8ADE-EE989827009D}"
EndProject
Project("{FAE04EC0-301F-11D3-BF4B-00C04F79EFBC}") = "SportsStore.UnitTests", "SportsStore.UnitTests\SportsStore.UnitTests.csproj", "{0C16385D-2A4F-424B-B478-E4606E9AF716}"
EndProject
Global
	GlobalSection(SolutionConfigurationPlatforms) = preSolution
		Debug|Any CPU = Debug|Any CPU
		Release|Any CPU = Release|Any CPU
	EndGlobalSection
	GlobalSection(ProjectConfigurationPlatforms) = postSolution
		{B78936D7-A277-4461-9109-5D22D018A079}.Debug|Any CPU.ActiveCfg = Debug|Any CPU
		{B78936D7-A277-4461-9109-5D22D018A079}.Debug|Any CPU.Build.0 = Debug|Any CPU
		{B78936D7-A277-4461-9109-5D22D018A079}.Release|Any CPU.ActiveCfg = Release|Any CPU
		{B78936D7-A277-4461-9109-5D22D018A079}.Release|Any CPU.Build.0 = Release|Any CPU
		{1B3936A7-5A25-483C-8ADE-EE989827009D}.Debug|Any CPU.ActiveCfg = Debug|Any CPU
		{1B3936A7-5A25-483C-8ADE-EE989827009D}.Debug|Any CPU.Build.0 = Debug|Any CPU
		{1B3936A7-5A25-483C-8ADE-EE989827009D}.Release|Any CPU.ActiveCfg = Release|Any CPU
		{1B3936A7-5A25-483C-8ADE-EE989827009D}.Release|Any CPU.Build.0 = Release|Any CPU
		{0C16385D-2A4F-424B-B478-E4606E9AF716}.Debug|Any CPU.ActiveCfg = Debug|Any CPU
		{0C16385D-2A4F-424B-B478-E4606E9AF716}.Debug|Any CPU.Build.0 = Debug|Any CPU
		{0C16385D-2A4F-424B-B478-E4606E9AF716}.Release|Any CPU.ActiveCfg = Release|Any CPU
		{0C16385D-2A4F-424B-B478-E4606E9AF716}.Release|Any CPU.Build.0 = Release|Any CPU
	EndGlobalSection
	GlobalSection(SolutionProperties) = preSolution
		HideSolutionNode = FALSE
	EndGlobalSection
EndGlobal
